// !$*UTF8*$!
{
	archiveVersion = 1;
	classes = {
	};
	objectVersion = 50;
	objects = {

/* Begin PBXBuildFile section */
		F8C928B826DEE6C900C06607 /* AppDelegate.swift in Sources */ = {isa = PBXBuildFile; fileRef = F8C928B726DEE6C900C06607 /* AppDelegate.swift */; };
		F8C928BA26DEE6C900C06607 /* SceneDelegate.swift in Sources */ = {isa = PBXBuildFile; fileRef = F8C928B926DEE6C900C06607 /* SceneDelegate.swift */; };
		F8C928BC26DEE6C900C06607 /* ViewController.swift in Sources */ = {isa = PBXBuildFile; fileRef = F8C928BB26DEE6C900C06607 /* ViewController.swift */; };
		F8C928BF26DEE6C900C06607 /* Main.storyboard in Resources */ = {isa = PBXBuildFile; fileRef = F8C928BD26DEE6C900C06607 /* Main.storyboard */; };
		F8C928C126DEE6CF00C06607 /* Assets.xcassets in Resources */ = {isa = PBXBuildFile; fileRef = F8C928C026DEE6CF00C06607 /* Assets.xcassets */; };
		F8C928C426DEE6CF00C06607 /* LaunchScreen.storyboard in Resources */ = {isa = PBXBuildFile; fileRef = F8C928C226DEE6CF00C06607 /* LaunchScreen.storyboard */; };
		F8C928CC26DEEB9800C06607 /* 少女.gif in Resources */ = {isa = PBXBuildFile; fileRef = F8C928CB26DEEB9800C06607 /* 少女.gif */; };
		F8C928CF26DEEBE700C06607 /* strawberries.gif in Resources */ = {isa = PBXBuildFile; fileRef = F8C928CE26DEEBE700C06607 /* strawberries.gif */; };
		F8C928D126DEEC3D00C06607 /* heart-love.gif in Resources */ = {isa = PBXBuildFile; fileRef = F8C928D026DEEC3D00C06607 /* heart-love.gif */; };
		F8C928D326DEEC4D00C06607 /* flower-spring.gif in Resources */ = {isa = PBXBuildFile; fileRef = F8C928D226DEEC4D00C06607 /* flower-spring.gif */; };
		F8C928D526E7FBFB00C06607 /* Swift+Gif.swift in Sources */ = {isa = PBXBuildFile; fileRef = F8C928D426E7FBFA00C06607 /* Swift+Gif.swift */; };
/* End PBXBuildFile section */

/* Begin PBXFileReference section */
		F8C928B426DEE6C900C06607 /* Lab1.app */ = {isa = PBXFileReference; explicitFileType = wrapper.application; includeInIndex = 0; path = Lab1.app; sourceTree = BUILT_PRODUCTS_DIR; };
		F8C928B726DEE6C900C06607 /* AppDelegate.swift */ = {isa = PBXFileReference; lastKnownFileType = sourcecode.swift; path = AppDelegate.swift; sourceTree = "<group>"; };
		F8C928B926DEE6C900C06607 /* SceneDelegate.swift */ = {isa = PBXFileReference; lastKnownFileType = sourcecode.swift; path = SceneDelegate.swift; sourceTree = "<group>"; };
		F8C928BB26DEE6C900C06607 /* ViewController.swift */ = {isa = PBXFileReference; lastKnownFileType = sourcecode.swift; path = ViewController.swift; sourceTree = "<group>"; };
		F8C928BE26DEE6C900C06607 /* Base */ = {isa = PBXFileReference; lastKnownFileType = file.storyboard; name = Base; path = Base.lproj/Main.storyboard; sourceTree = "<group>"; };
		F8C928C026DEE6CF00C06607 /* Assets.xcassets */ = {isa = PBXFileReference; lastKnownFileType = folder.assetcatalog; path = Assets.xcassets; sourceTree = "<group>"; };
		F8C928C326DEE6CF00C06607 /* Base */ = {isa = PBXFileReference; lastKnownFileType = file.storyboard; name = Base; path = Base.lproj/LaunchScreen.storyboard; sourceTree = "<group>"; };
		F8C928C526DEE6CF00C06607 /* Info.plist */ = {isa = PBXFileReference; lastKnownFileType = text.plist.xml; path = Info.plist; sourceTree = "<group>"; };
		F8C928CB26DEEB9800C06607 /* 少女.gif */ = {isa = PBXFileReference; lastKnownFileType = image.gif; path = "少女.gif"; sourceTree = "<group>"; };
		F8C928CE26DEEBE700C06607 /* strawberries.gif */ = {isa = PBXFileReference; lastKnownFileType = image.gif; name = strawberries.gif; path = "../../../../../../CU Year 2/JPNS 3120/Final Project/Slideshow Images/strawberries.gif"; sourceTree = "<group>"; };
		F8C928D026DEEC3D00C06607 /* heart-love.gif */ = {isa = PBXFileReference; lastKnownFileType = image.gif; name = "heart-love.gif"; path = "../../../../../../CU Year 2/JPNS 3120/Final Project/Slideshow Images/heart-love.gif"; sourceTree = "<group>"; };
		F8C928D226DEEC4D00C06607 /* flower-spring.gif */ = {isa = PBXFileReference; lastKnownFileType = image.gif; name = "flower-spring.gif"; path = "../../../../../../CU Year 2/JPNS 3120/Final Project/Slideshow Images/flower-spring.gif"; sourceTree = "<group>"; };
		F8C928D426E7FBFA00C06607 /* Swift+Gif.swift */ = {isa = PBXFileReference; lastKnownFileType = sourcecode.swift; path = "Swift+Gif.swift"; sourceTree = "<group>"; };
/* End PBXFileReference section */

/* Begin PBXFrameworksBuildPhase section */
		F8C928B126DEE6C900C06607 /* Frameworks */ = {
			isa = PBXFrameworksBuildPhase;
			buildActionMask = 2147483647;
			files = (
			);
			runOnlyForDeploymentPostprocessing = 0;
		};
/* End PBXFrameworksBuildPhase section */

/* Begin PBXGroup section */
		F8C928AB26DEE6C900C06607 = {
			isa = PBXGroup;
			children = (
				F8C928B626DEE6C900C06607 /* Lab1 */,
				F8C928B526DEE6C900C06607 /* Products */,
			);
			sourceTree = "<group>";
		};
		F8C928B526DEE6C900C06607 /* Products */ = {
			isa = PBXGroup;
			children = (
				F8C928B426DEE6C900C06607 /* Lab1.app */,
			);
			name = Products;
			sourceTree = "<group>";
		};
		F8C928B626DEE6C900C06607 /* Lab1 */ = {
			isa = PBXGroup;
			children = (
				F8C928CD26DEEBA900C06607 /* Gifs */,
				F8C928B726DEE6C900C06607 /* AppDelegate.swift */,
				F8C928B926DEE6C900C06607 /* SceneDelegate.swift */,
				F8C928BB26DEE6C900C06607 /* ViewController.swift */,
				F8C928BD26DEE6C900C06607 /* Main.storyboard */,
				F8C928D426E7FBFA00C06607 /* Swift+Gif.swift */,
				F8C928C026DEE6CF00C06607 /* Assets.xcassets */,
				F8C928C226DEE6CF00C06607 /* LaunchScreen.storyboard */,
				F8C928C526DEE6CF00C06607 /* Info.plist */,
			);
			path = Lab1;
			sourceTree = "<group>";
		};
		F8C928CD26DEEBA900C06607 /* Gifs */ = {
			isa = PBXGroup;
			children = (
				F8C928CE26DEEBE700C06607 /* strawberries.gif */,
				F8C928D026DEEC3D00C06607 /* heart-love.gif */,
				F8C928D226DEEC4D00C06607 /* flower-spring.gif */,
				F8C928CB26DEEB9800C06607 /* 少女.gif */,
			);
			path = Gifs;
			sourceTree = "<group>";
		};
/* End PBXGroup section */

/* Begin PBXNativeTarget section */
		F8C928B326DEE6C900C06607 /* Lab1 */ = {
			isa = PBXNativeTarget;
			buildConfigurationList = F8C928C826DEE6CF00C06607 /* Build configuration list for PBXNativeTarget "Lab1" */;
			buildPhases = (
				F8C928B026DEE6C900C06607 /* Sources */,
				F8C928B126DEE6C900C06607 /* Frameworks */,
				F8C928B226DEE6C900C06607 /* Resources */,
			);
			buildRules = (
			);
			dependencies = (
			);
			name = Lab1;
			productName = Lab1;
			productReference = F8C928B426DEE6C900C06607 /* Lab1.app */;
			productType = "com.apple.product-type.application";
		};
/* End PBXNativeTarget section */

/* Begin PBXProject section */
		F8C928AC26DEE6C900C06607 /* Project object */ = {
			isa = PBXProject;
			attributes = {
				LastSwiftUpdateCheck = 1250;
				LastUpgradeCheck = 1250;
				TargetAttributes = {
					F8C928B326DEE6C900C06607 = {
						CreatedOnToolsVersion = 12.5.1;
					};
				};
			};
			buildConfigurationList = F8C928AF26DEE6C900C06607 /* Build configuration list for PBXProject "Lab1" */;
			compatibilityVersion = "Xcode 9.3";
			developmentRegion = en;
			hasScannedForEncodings = 0;
			knownRegions = (
				en,
				Base,
			);
			mainGroup = F8C928AB26DEE6C900C06607;
			productRefGroup = F8C928B526DEE6C900C06607 /* Products */;
			projectDirPath = "";
			projectRoot = "";
			targets = (
				F8C928B326DEE6C900C06607 /* Lab1 */,
			);
		};
/* End PBXProject section */

/* Begin PBXResourcesBuildPhase section */
		F8C928B226DEE6C900C06607 /* Resources */ = {
			isa = PBXResourcesBuildPhase;
			buildActionMask = 2147483647;
			files = (
				F8C928D326DEEC4D00C06607 /* flower-spring.gif in Resources */,
				F8C928C426DEE6CF00C06607 /* LaunchScreen.storyboard in Resources */,
				F8C928D126DEEC3D00C06607 /* heart-love.gif in Resources */,
				F8C928C126DEE6CF00C06607 /* Assets.xcassets in Resources */,
				F8C928CC26DEEB9800C06607 /* 少女.gif in Resources */,
				F8C928CF26DEEBE700C06607 /* strawberries.gif in Resources */,
				F8C928BF26DEE6C900C06607 /* Main.storyboard in Resources */,
			);
			runOnlyForDeploymentPostprocessing = 0;
		};
/* End PBXResourcesBuildPhase section */

/* Begin PBXSourcesBuildPhase section */
		F8C928B026DEE6C900C06607 /* Sources */ = {
			isa = PBXSourcesBuildPhase;
			buildActionMask = 2147483647;
			files = (
				F8C928D526E7FBFB00C06607 /* Swift+Gif.swift in Sources */,
				F8C928BC26DEE6C900C06607 /* ViewController.swift in Sources */,
				F8C928B826DEE6C900C06607 /* AppDelegate.swift in Sources */,
				F8C928BA26DEE6C900C06607 /* SceneDelegate.swift in Sources */,
			);
			runOnlyForDeploymentPostprocessing = 0;
		};
/* End PBXSourcesBuildPhase section */

/* Begin PBXVariantGroup section */
		F8C928BD26DEE6C900C06607 /* Main.storyboard */ = {
			isa = PBXVariantGroup;
			children = (
				F8C928BE26DEE6C900C06607 /* Base */,
			);
			name = Main.storyboard;
			sourceTree = "<group>";
		};
		F8C928C226DEE6CF00C06607 /* LaunchScreen.storyboard */ = {
			isa = PBXVariantGroup;
			children = (
				F8C928C326DEE6CF00C06607 /* Base */,
			);
			name = LaunchScreen.storyboard;
			sourceTree = "<group>";
		};
/* End PBXVariantGroup section */

/* Begin XCBuildConfiguration section */
		F8C928C626DEE6CF00C06607 /* Debug */ = {
			isa = XCBuildConfiguration;
			buildSettings = {
				ALWAYS_SEARCH_USER_PATHS = NO;
				CLANG_ANALYZER_NONNULL = YES;
				CLANG_ANALYZER_NUMBER_OBJECT_CONVERSION = YES_AGGRESSIVE;
				CLANG_CXX_LANGUAGE_STANDARD = "gnu++14";
				CLANG_CXX_LIBRARY = "libc++";
				CLANG_ENABLE_MODULES = YES;
				CLANG_ENABLE_OBJC_ARC = YES;
				CLANG_ENABLE_OBJC_WEAK = YES;
				CLANG_WARN_BLOCK_CAPTURE_AUTORELEASING = YES;
				CLANG_WARN_BOOL_CONVERSION = YES;
				CLANG_WARN_COMMA = YES;
				CLANG_WARN_CONSTANT_CONVERSION = YES;
				CLANG_WARN_DEPRECATED_OBJC_IMPLEMENTATIONS = YES;
				CLANG_WARN_DIRECT_OBJC_ISA_USAGE = YES_ERROR;
				CLANG_WARN_DOCUMENTATION_COMMENTS = YES;
				CLANG_WARN_EMPTY_BODY = YES;
				CLANG_WARN_ENUM_CONVERSION = YES;
				CLANG_WARN_INFINITE_RECURSION = YES;
				CLANG_WARN_INT_CONVERSION = YES;
				CLANG_WARN_NON_LITERAL_NULL_CONVERSION = YES;
				CLANG_WARN_OBJC_IMPLICIT_RETAIN_SELF = YES;
				CLANG_WARN_OBJC_LITERAL_CONVERSION = YES;
				CLANG_WARN_OBJC_ROOT_CLASS = YES_ERROR;
				CLANG_WARN_QUOTED_INCLUDE_IN_FRAMEWORK_HEADER = YES;
				CLANG_WARN_RANGE_LOOP_ANALYSIS = YES;
				CLANG_WARN_STRICT_PROTOTYPES = YES;
				CLANG_WARN_SUSPICIOUS_MOVE = YES;
				CLANG_WARN_UNGUARDED_AVAILABILITY = YES_AGGRESSIVE;
				CLANG_WARN_UNREACHABLE_CODE = YES;
				CLANG_WARN__DUPLICATE_METHOD_MATCH = YES;
				COPY_PHASE_STRIP = NO;
				DEBUG_INFORMATION_FORMAT = dwarf;
				ENABLE_STRICT_OBJC_MSGSEND = YES;
				ENABLE_TESTABILITY = YES;
				GCC_C_LANGUAGE_STANDARD = gnu11;
				GCC_DYNAMIC_NO_PIC = NO;
				GCC_NO_COMMON_BLOCKS = YES;
				GCC_OPTIMIZATION_LEVEL = 0;
				GCC_PREPROCESSOR_DEFINITIONS = (
					"DEBUG=1",
					"$(inherited)",
				);
				GCC_WARN_64_TO_32_BIT_CONVERSION = YES;
				GCC_WARN_ABOUT_RETURN_TYPE = YES_ERROR;
				GCC_WARN_UNDECLARED_SELECTOR = YES;
				GCC_WARN_UNINITIALIZED_AUTOS = YES_AGGRESSIVE;
				GCC_WARN_UNUSED_FUNCTION = YES;
				GCC_WARN_UNUSED_VARIABLE = YES;
				IPHONEOS_DEPLOYMENT_TARGET = 14.5;
				MTL_ENABLE_DEBUG_INFO = INCLUDE_SOURCE;
				MTL_FAST_MATH = YES;
				ONLY_ACTIVE_ARCH = YES;
				SDKROOT = iphoneos;
				SWIFT_ACTIVE_COMPILATION_CONDITIONS = DEBUG;
				SWIFT_OPTIMIZATION_LEVEL = "-Onone";
			};
			name = Debug;
		};
		F8C928C726DEE6CF00C06607 /* Release */ = {
			isa = XCBuildConfiguration;
			buildSettings = {
				ALWAYS_SEARCH_USER_PATHS = NO;
				CLANG_ANALYZER_NONNULL = YES;
				CLANG_ANALYZER_NUMBER_OBJECT_CONVERSION = YES_AGGRESSIVE;
				CLANG_CXX_LANGUAGE_STANDARD = "gnu++14";
				CLANG_CXX_LIBRARY = "libc++";
				CLANG_ENABLE_MODULES = YES;
				CLANG_ENABLE_OBJC_ARC = YES;
				CLANG_ENABLE_OBJC_WEAK = YES;
				CLANG_WARN_BLOCK_CAPTURE_AUTORELEASING = YES;
				CLANG_WARN_BOOL_CONVERSION = YES;
				CLANG_WARN_COMMA = YES;
				CLANG_WARN_CONSTANT_CONVERSION = YES;
				CLANG_WARN_DEPRECATED_OBJC_IMPLEMENTATIONS = YES;
				CLANG_WARN_DIRECT_OBJC_ISA_USAGE = YES_ERROR;
				CLANG_WARN_DOCUMENTATION_COMMENTS = YES;
				CLANG_WARN_EMPTY_BODY = YES;
				CLANG_WARN_ENUM_CONVERSION = YES;
				CLANG_WARN_INFINITE_RECURSION = YES;
				CLANG_WARN_INT_CONVERSION = YES;
				CLANG_WARN_NON_LITERAL_NULL_CONVERSION = YES;
				CLANG_WARN_OBJC_IMPLICIT_RETAIN_SELF = YES;
				CLANG_WARN_OBJC_LITERAL_CONVERSION = YES;
				CLANG_WARN_OBJC_ROOT_CLASS = YES_ERROR;
				CLANG_WARN_QUOTED_INCLUDE_IN_FRAMEWORK_HEADER = YES;
				CLANG_WARN_RANGE_LOOP_ANALYSIS = YES;
				CLANG_WARN_STRICT_PROTOTYPES = YES;
				CLANG_WARN_SUSPICIOUS_MOVE = YES;
				CLANG_WARN_UNGUARDED_AVAILABILITY = YES_AGGRESSIVE;
				CLANG_WARN_UNREACHABLE_CODE = YES;
				CLANG_WARN__DUPLICATE_METHOD_MATCH = YES;
				COPY_PHASE_STRIP = NO;
				DEBUG_INFORMATION_FORMAT = "dwarf-with-dsym";
				ENABLE_NS_ASSERTIONS = NO;
				ENABLE_STRICT_OBJC_MSGSEND = YES;
				GCC_C_LANGUAGE_STANDARD = gnu11;
				GCC_NO_COMMON_BLOCKS = YES;
				GCC_WARN_64_TO_32_BIT_CONVERSION = YES;
				GCC_WARN_ABOUT_RETURN_TYPE = YES_ERROR;
				GCC_WARN_UNDECLARED_SELECTOR = YES;
				GCC_WARN_UNINITIALIZED_AUTOS = YES_AGGRESSIVE;
				GCC_WARN_UNUSED_FUNCTION = YES;
				GCC_WARN_UNUSED_VARIABLE = YES;
				IPHONEOS_DEPLOYMENT_TARGET = 14.5;
				MTL_ENABLE_DEBUG_INFO = NO;
				MTL_FAST_MATH = YES;
				SDKROOT = iphoneos;
				SWIFT_COMPILATION_MODE = wholemodule;
				SWIFT_OPTIMIZATION_LEVEL = "-O";
				VALIDATE_PRODUCT = YES;
			};
			name = Release;
		};
		F8C928C926DEE6CF00C06607 /* Debug */ = {
			isa = XCBuildConfiguration;
			buildSettings = {
				ASSETCATALOG_COMPILER_APPICON_NAME = AppIcon;
				ASSETCATALOG_COMPILER_GLOBAL_ACCENT_COLOR_NAME = AccentColor;
				CODE_SIGN_STYLE = Automatic;
				DEVELOPMENT_TEAM = BYD9KV4YS8;
				INFOPLIST_FILE = Lab1/Info.plist;
				LD_RUNPATH_SEARCH_PATHS = (
					"$(inherited)",
					"@executable_path/Frameworks",
				);
				PRODUCT_BUNDLE_IDENTIFIER = ATLAS.Lab1;
				PRODUCT_NAME = "$(TARGET_NAME)";
				SWIFT_VERSION = 5.0;
				TARGETED_DEVICE_FAMILY = "1,2";
			};
			name = Debug;
		};
		F8C928CA26DEE6CF00C06607 /* Release */ = {
			isa = XCBuildConfiguration;
			buildSettings = {
				ASSETCATALOG_COMPILER_APPICON_NAME = AppIcon;
				ASSETCATALOG_COMPILER_GLOBAL_ACCENT_COLOR_NAME = AccentColor;
				CODE_SIGN_STYLE = Automatic;
				DEVELOPMENT_TEAM = BYD9KV4YS8;
				INFOPLIST_FILE = Lab1/Info.plist;
				LD_RUNPATH_SEARCH_PATHS = (
					"$(inherited)",
					"@executable_path/Frameworks",
				);
				PRODUCT_BUNDLE_IDENTIFIER = ATLAS.Lab1;
				PRODUCT_NAME = "$(TARGET_NAME)";
				SWIFT_VERSION = 5.0;
				TARGETED_DEVICE_FAMILY = "1,2";
			};
			name = Release;
		};
/* End XCBuildConfiguration section */

/* Begin XCConfigurationList section */
		F8C928AF26DEE6C900C06607 /* Build configuration list for PBXProject "Lab1" */ = {
			isa = XCConfigurationList;
			buildConfigurations = (
				F8C928C626DEE6CF00C06607 /* Debug */,
				F8C928C726DEE6CF00C06607 /* Release */,
			);
			defaultConfigurationIsVisible = 0;
			defaultConfigurationName = Release;
		};
		F8C928C826DEE6CF00C06607 /* Build configuration list for PBXNativeTarget "Lab1" */ = {
			isa = XCConfigurationList;
			buildConfigurations = (
				F8C928C926DEE6CF00C06607 /* Debug */,
				F8C928CA26DEE6CF00C06607 /* Release */,
			);
			defaultConfigurationIsVisible = 0;
			defaultConfigurationName = Release;
		};
/* End XCConfigurationList section */
	};
	rootObject = F8C928AC26DEE6C900C06607 /* Project object */;
}
